
Microsoft Visual Studio Solution File, Format Version 12.00
# Visual Studio 15
VisualStudioVersion = 15.0.34112.143
MinimumVisualStudioVersion = 10.0.40219.1
Project("{FAE04EC0-301F-11D3-BF4B-00C04F79EFBC}") = "EncryptingData", "EncryptingData\EncryptingData.csproj", "{08D99430-2F10-429E-96D7-DB1234A5EA0D}"
EndProject
Global
	GlobalSection(SolutionConfigurationPlatforms) = preSolution
		Debug|Any CPU = Debug|Any CPU
		Release|Any CPU = Release|Any CPU
	EndGlobalSection
	GlobalSection(ProjectConfigurationPlatforms) = postSolution
		{08D99430-2F10-429E-96D7-DB1234A5EA0D}.Debug|Any CPU.ActiveCfg = Debug|Any CPU
		{08D99430-2F10-429E-96D7-DB1234A5EA0D}.Debug|Any CPU.Build.0 = Debug|Any CPU
		{08D99430-2F10-429E-96D7-DB1234A5EA0D}.Release|Any CPU.ActiveCfg = Release|Any CPU
		{08D99430-2F10-429E-96D7-DB1234A5EA0D}.Release|Any CPU.Build.0 = Release|Any CPU
	EndGlobalSection
	GlobalSection(SolutionProperties) = preSolution
		HideSolutionNode = FALSE
	EndGlobalSection
	GlobalSection(ExtensibilityGlobals) = postSolution
		SolutionGuid = {29985081-4374-4B7C-A54B-301564A880B9}
	EndGlobalSection
EndGlobal
